
Microsoft Visual Studio Solution File, Format Version 12.00
Project("{FAE04EC0-301F-11D3-BF4B-00C04F79EFBC}") = "Blog_MAUI_Components", "Blog_MAUI_Components\Blog_MAUI_Components.csproj", "{350C190D-BE1F-4998-B849-47C79B8407E4}"
EndProject
Project("{FAE04EC0-301F-11D3-BF4B-00C04F79EFBC}") = "Blog_MAUI_Components.MAUI", "Blog_MAUI_Components.MAUI\Blog_MAUI_Components.MAUI.csproj", "{050FEBD3-B53F-414B-9AFC-5E5C2F202858}"
EndProject
Global
	GlobalSection(SolutionConfigurationPlatforms) = preSolution
		Debug|Any CPU = Debug|Any CPU
		Release|Any CPU = Release|Any CPU
	EndGlobalSection
	GlobalSection(ProjectConfigurationPlatforms) = postSolution
		{350C190D-BE1F-4998-B849-47C79B8407E4}.Debug|Any CPU.ActiveCfg = Debug|Any CPU
		{350C190D-BE1F-4998-B849-47C79B8407E4}.Debug|Any CPU.Build.0 = Debug|Any CPU
		{350C190D-BE1F-4998-B849-47C79B8407E4}.Release|Any CPU.ActiveCfg = Release|Any CPU
		{350C190D-BE1F-4998-B849-47C79B8407E4}.Release|Any CPU.Build.0 = Release|Any CPU
		{050FEBD3-B53F-414B-9AFC-5E5C2F202858}.Debug|Any CPU.ActiveCfg = Debug|Any CPU
		{050FEBD3-B53F-414B-9AFC-5E5C2F202858}.Debug|Any CPU.Build.0 = Debug|Any CPU
		{050FEBD3-B53F-414B-9AFC-5E5C2F202858}.Release|Any CPU.ActiveCfg = Release|Any CPU
		{050FEBD3-B53F-414B-9AFC-5E5C2F202858}.Release|Any CPU.Build.0 = Release|Any CPU
	EndGlobalSection
EndGlobal
