
Microsoft Visual Studio Solution File, Format Version 12.00
Project("{FAE04EC0-301F-11D3-BF4B-00C04F79EFBC}") = "Blog_MAUI_Components", "Blog_MAUI_Components\Blog_MAUI_Components.csproj", "{350C190D-BE1F-4998-B849-47C79B8407E4}"
EndProject
Project("{FAE04EC0-301F-11D3-BF4B-00C04F79EFBC}") = "Blog_MAUI_Components.MAUI", "Blog_MAUI_Components.MAUI\Blog_MAUI_Components.MAUI.csproj", "{050FEBD3-B53F-414B-9AFC-5E5C2F202858}"
EndProject
Project("{FAE04EC0-301F-11D3-BF4B-00C04F79EFBC}") = "Blog_MAUI_Components.Application", "Blog_MAUI_Components.Application\Blog_MAUI_Components.Application.csproj", "{91F72502-ADC1-499A-B8C4-712FA1E3D726}"
EndProject
Project("{FAE04EC0-301F-11D3-BF4B-00C04F79EFBC}") = "Blog_MAUI_Components.Infrastructure", "Blog_MAUI_Components.Infrastructure\Blog_MAUI_Components.Infrastructure.csproj", "{E542540F-7368-41DA-AD64-C1AA5568ECED}"
EndProject
Project("{FAE04EC0-301F-11D3-BF4B-00C04F79EFBC}") = "Blog_MAUI_Components.Services", "Blog_MAUI_Components.Services\Blog_MAUI_Components.Services.csproj", "{21809B72-515E-40C7-B850-B43FB95B397F}"
EndProject
Global
	GlobalSection(SolutionConfigurationPlatforms) = preSolution
		Debug|Any CPU = Debug|Any CPU
		Release|Any CPU = Release|Any CPU
	EndGlobalSection
	GlobalSection(ProjectConfigurationPlatforms) = postSolution
		{350C190D-BE1F-4998-B849-47C79B8407E4}.Debug|Any CPU.ActiveCfg = Debug|Any CPU
		{350C190D-BE1F-4998-B849-47C79B8407E4}.Debug|Any CPU.Build.0 = Debug|Any CPU
		{350C190D-BE1F-4998-B849-47C79B8407E4}.Release|Any CPU.ActiveCfg = Release|Any CPU
		{350C190D-BE1F-4998-B849-47C79B8407E4}.Release|Any CPU.Build.0 = Release|Any CPU
		{350C190D-BE1F-4998-B849-47C79B8407E4}.Debug|Any CPU.Deploy.0 = Debug|Any CPU
		{050FEBD3-B53F-414B-9AFC-5E5C2F202858}.Debug|Any CPU.ActiveCfg = Debug|Any CPU
		{050FEBD3-B53F-414B-9AFC-5E5C2F202858}.Debug|Any CPU.Build.0 = Debug|Any CPU
		{050FEBD3-B53F-414B-9AFC-5E5C2F202858}.Release|Any CPU.ActiveCfg = Release|Any CPU
		{050FEBD3-B53F-414B-9AFC-5E5C2F202858}.Release|Any CPU.Build.0 = Release|Any CPU
		{91F72502-ADC1-499A-B8C4-712FA1E3D726}.Debug|Any CPU.ActiveCfg = Debug|Any CPU
		{91F72502-ADC1-499A-B8C4-712FA1E3D726}.Debug|Any CPU.Build.0 = Debug|Any CPU
		{91F72502-ADC1-499A-B8C4-712FA1E3D726}.Release|Any CPU.ActiveCfg = Release|Any CPU
		{91F72502-ADC1-499A-B8C4-712FA1E3D726}.Release|Any CPU.Build.0 = Release|Any CPU
		{E542540F-7368-41DA-AD64-C1AA5568ECED}.Debug|Any CPU.ActiveCfg = Debug|Any CPU
		{E542540F-7368-41DA-AD64-C1AA5568ECED}.Debug|Any CPU.Build.0 = Debug|Any CPU
		{E542540F-7368-41DA-AD64-C1AA5568ECED}.Release|Any CPU.ActiveCfg = Release|Any CPU
		{E542540F-7368-41DA-AD64-C1AA5568ECED}.Release|Any CPU.Build.0 = Release|Any CPU
		{21809B72-515E-40C7-B850-B43FB95B397F}.Debug|Any CPU.ActiveCfg = Debug|Any CPU
		{21809B72-515E-40C7-B850-B43FB95B397F}.Debug|Any CPU.Build.0 = Debug|Any CPU
		{21809B72-515E-40C7-B850-B43FB95B397F}.Release|Any CPU.ActiveCfg = Release|Any CPU
		{21809B72-515E-40C7-B850-B43FB95B397F}.Release|Any CPU.Build.0 = Release|Any CPU
	EndGlobalSection
EndGlobal
